
Microsoft Visual Studio Solution File, Format Version 12.00
# Visual Studio Version 17
VisualStudioVersion = 17.5.33424.131
MinimumVisualStudioVersion = 10.0.40219.1
Project("{FAE04EC0-301F-11D3-BF4B-00C04F79EFBC}") = "server_device01_Web", "server_device01_Web\server_device01_Web.csproj", "{1BB3B293-95C9-4DDE-8C6E-DC5EC2A9D658}"
EndProject
Global
	GlobalSection(SolutionConfigurationPlatforms) = preSolution
		Debug|Any CPU = Debug|Any CPU
		Release|Any CPU = Release|Any CPU
	EndGlobalSection
	GlobalSection(ProjectConfigurationPlatforms) = postSolution
		{1BB3B293-95C9-4DDE-8C6E-DC5EC2A9D658}.Debug|Any CPU.ActiveCfg = Debug|Any CPU
		{1BB3B293-95C9-4DDE-8C6E-DC5EC2A9D658}.Debug|Any CPU.Build.0 = Debug|Any CPU
		{1BB3B293-95C9-4DDE-8C6E-DC5EC2A9D658}.Release|Any CPU.ActiveCfg = Release|Any CPU
		{1BB3B293-95C9-4DDE-8C6E-DC5EC2A9D658}.Release|Any CPU.Build.0 = Release|Any CPU
	EndGlobalSection
	GlobalSection(SolutionProperties) = preSolution
		HideSolutionNode = FALSE
	EndGlobalSection
	GlobalSection(ExtensibilityGlobals) = postSolution
		SolutionGuid = {62C7E62E-1F5E-492E-A9FA-56412282F4B7}
	EndGlobalSection
EndGlobal
